// !$*UTF8*$!
{
	archiveVersion = 1;
	classes = {
	};
	objectVersion = 50;
	objects = {

/* Begin PBXBuildFile section */
		B84E92D82832D6790043CFCB /* AppDelegate.swift in Sources */ = {isa = PBXBuildFile; fileRef = B84E92D72832D6790043CFCB /* AppDelegate.swift */; };
		B84E92DA2832D6790043CFCB /* SceneDelegate.swift in Sources */ = {isa = PBXBuildFile; fileRef = B84E92D92832D6790043CFCB /* SceneDelegate.swift */; };
		B84E92E12832D67C0043CFCB /* Assets.xcassets in Resources */ = {isa = PBXBuildFile; fileRef = B84E92E02832D67C0043CFCB /* Assets.xcassets */; };
		B84E92E42832D67C0043CFCB /* LaunchScreen.storyboard in Resources */ = {isa = PBXBuildFile; fileRef = B84E92E22832D67C0043CFCB /* LaunchScreen.storyboard */; };
		B84E92ED2832D6B40043CFCB /* ViewOne.xib in Resources */ = {isa = PBXBuildFile; fileRef = B84E92EC2832D6B40043CFCB /* ViewOne.xib */; };
		B84E92F02832D73A0043CFCB /* ViewOne.swift in Sources */ = {isa = PBXBuildFile; fileRef = B84E92EF2832D73A0043CFCB /* ViewOne.swift */; };
		B84E92F32832D8240043CFCB /* MyViewController.swift in Sources */ = {isa = PBXBuildFile; fileRef = B84E92F22832D8240043CFCB /* MyViewController.swift */; };
		B84E92F62832D8450043CFCB /* MyStoryboard.storyboard in Resources */ = {isa = PBXBuildFile; fileRef = B84E92F52832D8450043CFCB /* MyStoryboard.storyboard */; };
/* End PBXBuildFile section */

/* Begin PBXFileReference section */
		B84E92D42832D6790043CFCB /* Netology.app */ = {isa = PBXFileReference; explicitFileType = wrapper.application; includeInIndex = 0; path = Netology.app; sourceTree = BUILT_PRODUCTS_DIR; };
		B84E92D72832D6790043CFCB /* AppDelegate.swift */ = {isa = PBXFileReference; lastKnownFileType = sourcecode.swift; path = AppDelegate.swift; sourceTree = "<group>"; };
		B84E92D92832D6790043CFCB /* SceneDelegate.swift */ = {isa = PBXFileReference; lastKnownFileType = sourcecode.swift; path = SceneDelegate.swift; sourceTree = "<group>"; };
		B84E92E02832D67C0043CFCB /* Assets.xcassets */ = {isa = PBXFileReference; lastKnownFileType = folder.assetcatalog; path = Assets.xcassets; sourceTree = "<group>"; };
		B84E92E32832D67C0043CFCB /* Base */ = {isa = PBXFileReference; lastKnownFileType = file.storyboard; name = Base; path = Base.lproj/LaunchScreen.storyboard; sourceTree = "<group>"; };
		B84E92E52832D67C0043CFCB /* Info.plist */ = {isa = PBXFileReference; lastKnownFileType = text.plist.xml; path = Info.plist; sourceTree = "<group>"; };
		B84E92EC2832D6B40043CFCB /* ViewOne.xib */ = {isa = PBXFileReference; lastKnownFileType = file.xib; path = ViewOne.xib; sourceTree = "<group>"; };
		B84E92EF2832D73A0043CFCB /* ViewOne.swift */ = {isa = PBXFileReference; lastKnownFileType = sourcecode.swift; path = ViewOne.swift; sourceTree = "<group>"; };
		B84E92F22832D8240043CFCB /* MyViewController.swift */ = {isa = PBXFileReference; lastKnownFileType = sourcecode.swift; path = MyViewController.swift; sourceTree = "<group>"; };
		B84E92F52832D8450043CFCB /* MyStoryboard.storyboard */ = {isa = PBXFileReference; lastKnownFileType = file.storyboard; path = MyStoryboard.storyboard; sourceTree = "<group>"; };
/* End PBXFileReference section */

/* Begin PBXFrameworksBuildPhase section */
		B84E92D12832D6790043CFCB /* Frameworks */ = {
			isa = PBXFrameworksBuildPhase;
			buildActionMask = 2147483647;
			files = (
			);
			runOnlyForDeploymentPostprocessing = 0;
		};
/* End PBXFrameworksBuildPhase section */

/* Begin PBXGroup section */
		B84E92CB2832D6780043CFCB = {
			isa = PBXGroup;
			children = (
				B84E92D62832D6790043CFCB /* Netology */,
				B84E92D52832D6790043CFCB /* Products */,
			);
			sourceTree = "<group>";
		};
		B84E92D52832D6790043CFCB /* Products */ = {
			isa = PBXGroup;
			children = (
				B84E92D42832D6790043CFCB /* Netology.app */,
			);
			name = Products;
			sourceTree = "<group>";
		};
		B84E92D62832D6790043CFCB /* Netology */ = {
			isa = PBXGroup;
			children = (
				B84E92D72832D6790043CFCB /* AppDelegate.swift */,
				B84E92D92832D6790043CFCB /* SceneDelegate.swift */,
				B84E92E02832D67C0043CFCB /* Assets.xcassets */,
				B84E92E22832D67C0043CFCB /* LaunchScreen.storyboard */,
				B84E92E52832D67C0043CFCB /* Info.plist */,
				B84E92EC2832D6B40043CFCB /* ViewOne.xib */,
				B84E92EF2832D73A0043CFCB /* ViewOne.swift */,
				B84E92F22832D8240043CFCB /* MyViewController.swift */,
				B84E92F52832D8450043CFCB /* MyStoryboard.storyboard */,
			);
			path = Netology;
			sourceTree = "<group>";
		};
/* End PBXGroup section */

/* Begin PBXNativeTarget section */
		B84E92D32832D6790043CFCB /* Netology */ = {
			isa = PBXNativeTarget;
			buildConfigurationList = B84E92E82832D67C0043CFCB /* Build configuration list for PBXNativeTarget "Netology" */;
			buildPhases = (
				B84E92D02832D6790043CFCB /* Sources */,
				B84E92D12832D6790043CFCB /* Frameworks */,
				B84E92D22832D6790043CFCB /* Resources */,
			);
			buildRules = (
			);
			dependencies = (
			);
			name = Netology;
			productName = Netology;
			productReference = B84E92D42832D6790043CFCB /* Netology.app */;
			productType = "com.apple.product-type.application";
		};
/* End PBXNativeTarget section */

/* Begin PBXProject section */
		B84E92CC2832D6780043CFCB /* Project object */ = {
			isa = PBXProject;
			attributes = {
				LastSwiftUpdateCheck = 1240;
				LastUpgradeCheck = 1240;
				TargetAttributes = {
					B84E92D32832D6790043CFCB = {
						CreatedOnToolsVersion = 12.4;
					};
				};
			};
			buildConfigurationList = B84E92CF2832D6780043CFCB /* Build configuration list for PBXProject "Netology" */;
			compatibilityVersion = "Xcode 9.3";
			developmentRegion = en;
			hasScannedForEncodings = 0;
			knownRegions = (
				en,
				Base,
			);
			mainGroup = B84E92CB2832D6780043CFCB;
			productRefGroup = B84E92D52832D6790043CFCB /* Products */;
			projectDirPath = "";
			projectRoot = "";
			targets = (
				B84E92D32832D6790043CFCB /* Netology */,
			);
		};
/* End PBXProject section */

/* Begin PBXResourcesBuildPhase section */
		B84E92D22832D6790043CFCB /* Resources */ = {
			isa = PBXResourcesBuildPhase;
			buildActionMask = 2147483647;
			files = (
				B84E92E42832D67C0043CFCB /* LaunchScreen.storyboard in Resources */,
				B84E92F62832D8450043CFCB /* MyStoryboard.storyboard in Resources */,
				B84E92ED2832D6B40043CFCB /* ViewOne.xib in Resources */,
				B84E92E12832D67C0043CFCB /* Assets.xcassets in Resources */,
			);
			runOnlyForDeploymentPostprocessing = 0;
		};
/* End PBXResourcesBuildPhase section */

/* Begin PBXSourcesBuildPhase section */
		B84E92D02832D6790043CFCB /* Sources */ = {
			isa = PBXSourcesBuildPhase;
			buildActionMask = 2147483647;
			files = (
				B84E92F02832D73A0043CFCB /* ViewOne.swift in Sources */,
				B84E92D82832D6790043CFCB /* AppDelegate.swift in Sources */,
				B84E92F32832D8240043CFCB /* MyViewController.swift in Sources */,
				B84E92DA2832D6790043CFCB /* SceneDelegate.swift in Sources */,
			);
			runOnlyForDeploymentPostprocessing = 0;
		};
/* End PBXSourcesBuildPhase section */

/* Begin PBXVariantGroup section */
		B84E92E22832D67C0043CFCB /* LaunchScreen.storyboard */ = {
			isa = PBXVariantGroup;
			children = (
				B84E92E32832D67C0043CFCB /* Base */,
			);
			name = LaunchScreen.storyboard;
			sourceTree = "<group>";
		};
/* End PBXVariantGroup section */

/* Begin XCBuildConfiguration section */
		B84E92E62832D67C0043CFCB /* Debug */ = {
			isa = XCBuildConfiguration;
			buildSettings = {
				ALWAYS_SEARCH_USER_PATHS = NO;
				CLANG_ANALYZER_NONNULL = YES;
				CLANG_ANALYZER_NUMBER_OBJECT_CONVERSION = YES_AGGRESSIVE;
				CLANG_CXX_LANGUAGE_STANDARD = "gnu++14";
				CLANG_CXX_LIBRARY = "libc++";
				CLANG_ENABLE_MODULES = YES;
				CLANG_ENABLE_OBJC_ARC = YES;
				CLANG_ENABLE_OBJC_WEAK = YES;
				CLANG_WARN_BLOCK_CAPTURE_AUTORELEASING = YES;
				CLANG_WARN_BOOL_CONVERSION = YES;
				CLANG_WARN_COMMA = YES;
				CLANG_WARN_CONSTANT_CONVERSION = YES;
				CLANG_WARN_DEPRECATED_OBJC_IMPLEMENTATIONS = YES;
				CLANG_WARN_DIRECT_OBJC_ISA_USAGE = YES_ERROR;
				CLANG_WARN_DOCUMENTATION_COMMENTS = YES;
				CLANG_WARN_EMPTY_BODY = YES;
				CLANG_WARN_ENUM_CONVERSION = YES;
				CLANG_WARN_INFINITE_RECURSION = YES;
				CLANG_WARN_INT_CONVERSION = YES;
				CLANG_WARN_NON_LITERAL_NULL_CONVERSION = YES;
				CLANG_WARN_OBJC_IMPLICIT_RETAIN_SELF = YES;
				CLANG_WARN_OBJC_LITERAL_CONVERSION = YES;
				CLANG_WARN_OBJC_ROOT_CLASS = YES_ERROR;
				CLANG_WARN_QUOTED_INCLUDE_IN_FRAMEWORK_HEADER = YES;
				CLANG_WARN_RANGE_LOOP_ANALYSIS = YES;
				CLANG_WARN_STRICT_PROTOTYPES = YES;
				CLANG_WARN_SUSPICIOUS_MOVE = YES;
				CLANG_WARN_UNGUARDED_AVAILABILITY = YES_AGGRESSIVE;
				CLANG_WARN_UNREACHABLE_CODE = YES;
				CLANG_WARN__DUPLICATE_METHOD_MATCH = YES;
				COPY_PHASE_STRIP = NO;
				DEBUG_INFORMATION_FORMAT = dwarf;
				ENABLE_STRICT_OBJC_MSGSEND = YES;
				ENABLE_TESTABILITY = YES;
				GCC_C_LANGUAGE_STANDARD = gnu11;
				GCC_DYNAMIC_NO_PIC = NO;
				GCC_NO_COMMON_BLOCKS = YES;
				GCC_OPTIMIZATION_LEVEL = 0;
				GCC_PREPROCESSOR_DEFINITIONS = (
					"DEBUG=1",
					"$(inherited)",
				);
				GCC_WARN_64_TO_32_BIT_CONVERSION = YES;
				GCC_WARN_ABOUT_RETURN_TYPE = YES_ERROR;
				GCC_WARN_UNDECLARED_SELECTOR = YES;
				GCC_WARN_UNINITIALIZED_AUTOS = YES_AGGRESSIVE;
				GCC_WARN_UNUSED_FUNCTION = YES;
				GCC_WARN_UNUSED_VARIABLE = YES;
				IPHONEOS_DEPLOYMENT_TARGET = 14.4;
				MTL_ENABLE_DEBUG_INFO = INCLUDE_SOURCE;
				MTL_FAST_MATH = YES;
				ONLY_ACTIVE_ARCH = YES;
				SDKROOT = iphoneos;
				SWIFT_ACTIVE_COMPILATION_CONDITIONS = DEBUG;
				SWIFT_OPTIMIZATION_LEVEL = "-Onone";
			};
			name = Debug;
		};
		B84E92E72832D67C0043CFCB /* Release */ = {
			isa = XCBuildConfiguration;
			buildSettings = {
				ALWAYS_SEARCH_USER_PATHS = NO;
				CLANG_ANALYZER_NONNULL = YES;
				CLANG_ANALYZER_NUMBER_OBJECT_CONVERSION = YES_AGGRESSIVE;
				CLANG_CXX_LANGUAGE_STANDARD = "gnu++14";
				CLANG_CXX_LIBRARY = "libc++";
				CLANG_ENABLE_MODULES = YES;
				CLANG_ENABLE_OBJC_ARC = YES;
				CLANG_ENABLE_OBJC_WEAK = YES;
				CLANG_WARN_BLOCK_CAPTURE_AUTORELEASING = YES;
				CLANG_WARN_BOOL_CONVERSION = YES;
				CLANG_WARN_COMMA = YES;
				CLANG_WARN_CONSTANT_CONVERSION = YES;
				CLANG_WARN_DEPRECATED_OBJC_IMPLEMENTATIONS = YES;
				CLANG_WARN_DIRECT_OBJC_ISA_USAGE = YES_ERROR;
				CLANG_WARN_DOCUMENTATION_COMMENTS = YES;
				CLANG_WARN_EMPTY_BODY = YES;
				CLANG_WARN_ENUM_CONVERSION = YES;
				CLANG_WARN_INFINITE_RECURSION = YES;
				CLANG_WARN_INT_CONVERSION = YES;
				CLANG_WARN_NON_LITERAL_NULL_CONVERSION = YES;
				CLANG_WARN_OBJC_IMPLICIT_RETAIN_SELF = YES;
				CLANG_WARN_OBJC_LITERAL_CONVERSION = YES;
				CLANG_WARN_OBJC_ROOT_CLASS = YES_ERROR;
				CLANG_WARN_QUOTED_INCLUDE_IN_FRAMEWORK_HEADER = YES;
				CLANG_WARN_RANGE_LOOP_ANALYSIS = YES;
				CLANG_WARN_STRICT_PROTOTYPES = YES;
				CLANG_WARN_SUSPICIOUS_MOVE = YES;
				CLANG_WARN_UNGUARDED_AVAILABILITY = YES_AGGRESSIVE;
				CLANG_WARN_UNREACHABLE_CODE = YES;
				CLANG_WARN__DUPLICATE_METHOD_MATCH = YES;
				COPY_PHASE_STRIP = NO;
				DEBUG_INFORMATION_FORMAT = "dwarf-with-dsym";
				ENABLE_NS_ASSERTIONS = NO;
				ENABLE_STRICT_OBJC_MSGSEND = YES;
				GCC_C_LANGUAGE_STANDARD = gnu11;
				GCC_NO_COMMON_BLOCKS = YES;
				GCC_WARN_64_TO_32_BIT_CONVERSION = YES;
				GCC_WARN_ABOUT_RETURN_TYPE = YES_ERROR;
				GCC_WARN_UNDECLARED_SELECTOR = YES;
				GCC_WARN_UNINITIALIZED_AUTOS = YES_AGGRESSIVE;
				GCC_WARN_UNUSED_FUNCTION = YES;
				GCC_WARN_UNUSED_VARIABLE = YES;
				IPHONEOS_DEPLOYMENT_TARGET = 14.4;
				MTL_ENABLE_DEBUG_INFO = NO;
				MTL_FAST_MATH = YES;
				SDKROOT = iphoneos;
				SWIFT_COMPILATION_MODE = wholemodule;
				SWIFT_OPTIMIZATION_LEVEL = "-O";
				VALIDATE_PRODUCT = YES;
			};
			name = Release;
		};
		B84E92E92832D67C0043CFCB /* Debug */ = {
			isa = XCBuildConfiguration;
			buildSettings = {
				ASSETCATALOG_COMPILER_APPICON_NAME = AppIcon;
				ASSETCATALOG_COMPILER_GLOBAL_ACCENT_COLOR_NAME = AccentColor;
				CODE_SIGN_STYLE = Automatic;
				DEVELOPMENT_TEAM = VWK47ML2C6;
				INFOPLIST_FILE = Netology/Info.plist;
				LD_RUNPATH_SEARCH_PATHS = (
					"$(inherited)",
					"@executable_path/Frameworks",
				);
				PRODUCT_BUNDLE_IDENTIFIER = "-.Netology";
				PRODUCT_NAME = "$(TARGET_NAME)";
				SWIFT_VERSION = 5.0;
				TARGETED_DEVICE_FAMILY = "1,2";
			};
			name = Debug;
		};
		B84E92EA2832D67C0043CFCB /* Release */ = {
			isa = XCBuildConfiguration;
			buildSettings = {
				ASSETCATALOG_COMPILER_APPICON_NAME = AppIcon;
				ASSETCATALOG_COMPILER_GLOBAL_ACCENT_COLOR_NAME = AccentColor;
				CODE_SIGN_STYLE = Automatic;
				DEVELOPMENT_TEAM = VWK47ML2C6;
				INFOPLIST_FILE = Netology/Info.plist;
				LD_RUNPATH_SEARCH_PATHS = (
					"$(inherited)",
					"@executable_path/Frameworks",
				);
				PRODUCT_BUNDLE_IDENTIFIER = "-.Netology";
				PRODUCT_NAME = "$(TARGET_NAME)";
				SWIFT_VERSION = 5.0;
				TARGETED_DEVICE_FAMILY = "1,2";
			};
			name = Release;
		};
/* End XCBuildConfiguration section */

/* Begin XCConfigurationList section */
		B84E92CF2832D6780043CFCB /* Build configuration list for PBXProject "Netology" */ = {
			isa = XCConfigurationList;
			buildConfigurations = (
				B84E92E62832D67C0043CFCB /* Debug */,
				B84E92E72832D67C0043CFCB /* Release */,
			);
			defaultConfigurationIsVisible = 0;
			defaultConfigurationName = Release;
		};
		B84E92E82832D67C0043CFCB /* Build configuration list for PBXNativeTarget "Netology" */ = {
			isa = XCConfigurationList;
			buildConfigurations = (
				B84E92E92832D67C0043CFCB /* Debug */,
				B84E92EA2832D67C0043CFCB /* Release */,
			);
			defaultConfigurationIsVisible = 0;
			defaultConfigurationName = Release;
		};
/* End XCConfigurationList section */
	};
	rootObject = B84E92CC2832D6780043CFCB /* Project object */;
}
